{
  "name": "Private-I",
  "version": "1.0.0",
  "lockfileVersion": 1,
  "dependencies": {
    "jquery": {
      "version": "3.2.1",
      "resolved": "https://registry.npmjs.org/jquery/-/jquery-3.2.1.tgz",
      "integrity": "sha1-XE2d5lKvbNCncBVKYxu6ErAVx4c="
    },
    "jquery-browserify": {
      "version": "1.8.1",
      "resolved": "https://registry.npmjs.org/jquery-browserify/-/jquery-browserify-1.8.1.tgz",
      "integrity": "sha1-DeqddBpPQRWuGYDEUxsiUCmRoBU="
    }
  }
}
